// !$*UTF8*$!
{
	archiveVersion = 1;
	classes = {
	};
	objectVersion = 46;
	objects = {

/* Begin PBXBuildFile section */
		FC40603B1E2600B2006C6FBF /* main.m in Sources */ = {isa = PBXBuildFile; fileRef = FC40603A1E2600B2006C6FBF /* main.m */; };
		FC40603E1E2600B2006C6FBF /* AppDelegate.m in Sources */ = {isa = PBXBuildFile; fileRef = FC40603D1E2600B2006C6FBF /* AppDelegate.m */; };
		FC4060411E2600B2006C6FBF /* ViewController.m in Sources */ = {isa = PBXBuildFile; fileRef = FC4060401E2600B2006C6FBF /* ViewController.m */; };
		FC4060441E2600B2006C6FBF /* Main.storyboard in Resources */ = {isa = PBXBuildFile; fileRef = FC4060421E2600B2006C6FBF /* Main.storyboard */; };
		FC4060461E2600B2006C6FBF /* Assets.xcassets in Resources */ = {isa = PBXBuildFile; fileRef = FC4060451E2600B2006C6FBF /* Assets.xcassets */; };
		FC4060491E2600B2006C6FBF /* LaunchScreen.storyboard in Resources */ = {isa = PBXBuildFile; fileRef = FC4060471E2600B2006C6FBF /* LaunchScreen.storyboard */; };
		FC40607E1E26013C006C6FBF /* CMActionSheet.m in Sources */ = {isa = PBXBuildFile; fileRef = FC4060521E26013C006C6FBF /* CMActionSheet.m */; };
		FC40607F1E26013C006C6FBF /* CMLoadingPic.bundle in Resources */ = {isa = PBXBuildFile; fileRef = FC4060531E26013C006C6FBF /* CMLoadingPic.bundle */; };
		FC4060801E26013C006C6FBF /* CMLoadingView.m in Sources */ = {isa = PBXBuildFile; fileRef = FC4060551E26013C006C6FBF /* CMLoadingView.m */; };
		FC4060811E26013C006C6FBF /* CMPhoto.m in Sources */ = {isa = PBXBuildFile; fileRef = FC4060571E26013C006C6FBF /* CMPhoto.m */; };
		FC4060821E26013C006C6FBF /* CMPhotoBrowerCell.m in Sources */ = {isa = PBXBuildFile; fileRef = FC4060591E26013C006C6FBF /* CMPhotoBrowerCell.m */; };
		FC4060831E26013C006C6FBF /* CMPhotoBrowser.m in Sources */ = {isa = PBXBuildFile; fileRef = FC40605B1E26013C006C6FBF /* CMPhotoBrowser.m */; };
		FC4060841E26013C006C6FBF /* CMPhotoProgressHUD.m in Sources */ = {isa = PBXBuildFile; fileRef = FC40605D1E26013C006C6FBF /* CMPhotoProgressHUD.m */; };
		FC4060851E26013C006C6FBF /* CMPhotoView.m in Sources */ = {isa = PBXBuildFile; fileRef = FC40605F1E26013C006C6FBF /* CMPhotoView.m */; };
		FC4060861E26013C006C6FBF /* NSData+ImageContentType.m in Sources */ = {isa = PBXBuildFile; fileRef = FC4060621E26013C006C6FBF /* NSData+ImageContentType.m */; };
		FC4060871E26013C006C6FBF /* SDImageCache.m in Sources */ = {isa = PBXBuildFile; fileRef = FC4060641E26013C006C6FBF /* SDImageCache.m */; };
		FC4060881E26013C006C6FBF /* SDWebImageCompat.m in Sources */ = {isa = PBXBuildFile; fileRef = FC4060661E26013C006C6FBF /* SDWebImageCompat.m */; };
		FC4060891E26013C006C6FBF /* SDWebImageDecoder.m in Sources */ = {isa = PBXBuildFile; fileRef = FC4060681E26013C006C6FBF /* SDWebImageDecoder.m */; };
		FC40608A1E26013C006C6FBF /* SDWebImageDownloader.m in Sources */ = {isa = PBXBuildFile; fileRef = FC40606A1E26013C006C6FBF /* SDWebImageDownloader.m */; };
		FC40608B1E26013C006C6FBF /* SDWebImageDownloaderOperation.m in Sources */ = {isa = PBXBuildFile; fileRef = FC40606C1E26013C006C6FBF /* SDWebImageDownloaderOperation.m */; };
		FC40608C1E26013C006C6FBF /* SDWebImageManager.m in Sources */ = {isa = PBXBuildFile; fileRef = FC40606E1E26013C006C6FBF /* SDWebImageManager.m */; };
		FC40608D1E26013C006C6FBF /* SDWebImagePrefetcher.m in Sources */ = {isa = PBXBuildFile; fileRef = FC4060711E26013C006C6FBF /* SDWebImagePrefetcher.m */; };
		FC40608E1E26013C006C6FBF /* UIButton+WebCache.m in Sources */ = {isa = PBXBuildFile; fileRef = FC4060731E26013C006C6FBF /* UIButton+WebCache.m */; };
		FC40608F1E26013C006C6FBF /* UIImage+GIF.m in Sources */ = {isa = PBXBuildFile; fileRef = FC4060751E26013C006C6FBF /* UIImage+GIF.m */; };
		FC4060901E26013C006C6FBF /* UIImage+MultiFormat.m in Sources */ = {isa = PBXBuildFile; fileRef = FC4060771E26013C006C6FBF /* UIImage+MultiFormat.m */; };
		FC4060911E26013C006C6FBF /* UIImageView+HighlightedWebCache.m in Sources */ = {isa = PBXBuildFile; fileRef = FC4060791E26013C006C6FBF /* UIImageView+HighlightedWebCache.m */; };
		FC4060921E26013C006C6FBF /* UIImageView+WebCache.m in Sources */ = {isa = PBXBuildFile; fileRef = FC40607B1E26013C006C6FBF /* UIImageView+WebCache.m */; };
		FC4060931E26013C006C6FBF /* UIView+WebCacheOperation.m in Sources */ = {isa = PBXBuildFile; fileRef = FC40607D1E26013C006C6FBF /* UIView+WebCacheOperation.m */; };
/* End PBXBuildFile section */

/* Begin PBXFileReference section */
		FC4060361E2600B2006C6FBF /* BigImgDemo.app */ = {isa = PBXFileReference; explicitFileType = wrapper.application; includeInIndex = 0; path = BigImgDemo.app; sourceTree = BUILT_PRODUCTS_DIR; };
		FC40603A1E2600B2006C6FBF /* main.m */ = {isa = PBXFileReference; lastKnownFileType = sourcecode.c.objc; path = main.m; sourceTree = "<group>"; };
		FC40603C1E2600B2006C6FBF /* AppDelegate.h */ = {isa = PBXFileReference; lastKnownFileType = sourcecode.c.h; path = AppDelegate.h; sourceTree = "<group>"; };
		FC40603D1E2600B2006C6FBF /* AppDelegate.m */ = {isa = PBXFileReference; lastKnownFileType = sourcecode.c.objc; path = AppDelegate.m; sourceTree = "<group>"; };
		FC40603F1E2600B2006C6FBF /* ViewController.h */ = {isa = PBXFileReference; lastKnownFileType = sourcecode.c.h; path = ViewController.h; sourceTree = "<group>"; };
		FC4060401E2600B2006C6FBF /* ViewController.m */ = {isa = PBXFileReference; lastKnownFileType = sourcecode.c.objc; path = ViewController.m; sourceTree = "<group>"; };
		FC4060431E2600B2006C6FBF /* Base */ = {isa = PBXFileReference; lastKnownFileType = file.storyboard; name = Base; path = Base.lproj/Main.storyboard; sourceTree = "<group>"; };
		FC4060451E2600B2006C6FBF /* Assets.xcassets */ = {isa = PBXFileReference; lastKnownFileType = folder.assetcatalog; path = Assets.xcassets; sourceTree = "<group>"; };
		FC4060481E2600B2006C6FBF /* Base */ = {isa = PBXFileReference; lastKnownFileType = file.storyboard; name = Base; path = Base.lproj/LaunchScreen.storyboard; sourceTree = "<group>"; };
		FC40604A1E2600B2006C6FBF /* Info.plist */ = {isa = PBXFileReference; lastKnownFileType = text.plist.xml; path = Info.plist; sourceTree = "<group>"; };
		FC4060511E26013C006C6FBF /* CMActionSheet.h */ = {isa = PBXFileReference; fileEncoding = 4; lastKnownFileType = sourcecode.c.h; path = CMActionSheet.h; sourceTree = "<group>"; };
		FC4060521E26013C006C6FBF /* CMActionSheet.m */ = {isa = PBXFileReference; fileEncoding = 4; lastKnownFileType = sourcecode.c.objc; path = CMActionSheet.m; sourceTree = "<group>"; };
		FC4060531E26013C006C6FBF /* CMLoadingPic.bundle */ = {isa = PBXFileReference; lastKnownFileType = "wrapper.plug-in"; path = CMLoadingPic.bundle; sourceTree = "<group>"; };
		FC4060541E26013C006C6FBF /* CMLoadingView.h */ = {isa = PBXFileReference; fileEncoding = 4; lastKnownFileType = sourcecode.c.h; path = CMLoadingView.h; sourceTree = "<group>"; };
		FC4060551E26013C006C6FBF /* CMLoadingView.m */ = {isa = PBXFileReference; fileEncoding = 4; lastKnownFileType = sourcecode.c.objc; path = CMLoadingView.m; sourceTree = "<group>"; };
		FC4060561E26013C006C6FBF /* CMPhoto.h */ = {isa = PBXFileReference; fileEncoding = 4; lastKnownFileType = sourcecode.c.h; path = CMPhoto.h; sourceTree = "<group>"; };
		FC4060571E26013C006C6FBF /* CMPhoto.m */ = {isa = PBXFileReference; fileEncoding = 4; lastKnownFileType = sourcecode.c.objc; path = CMPhoto.m; sourceTree = "<group>"; };
		FC4060581E26013C006C6FBF /* CMPhotoBrowerCell.h */ = {isa = PBXFileReference; fileEncoding = 4; lastKnownFileType = sourcecode.c.h; path = CMPhotoBrowerCell.h; sourceTree = "<group>"; };
		FC4060591E26013C006C6FBF /* CMPhotoBrowerCell.m */ = {isa = PBXFileReference; fileEncoding = 4; lastKnownFileType = sourcecode.c.objc; path = CMPhotoBrowerCell.m; sourceTree = "<group>"; };
		FC40605A1E26013C006C6FBF /* CMPhotoBrowser.h */ = {isa = PBXFileReference; fileEncoding = 4; lastKnownFileType = sourcecode.c.h; path = CMPhotoBrowser.h; sourceTree = "<group>"; };
		FC40605B1E26013C006C6FBF /* CMPhotoBrowser.m */ = {isa = PBXFileReference; fileEncoding = 4; lastKnownFileType = sourcecode.c.objc; path = CMPhotoBrowser.m; sourceTree = "<group>"; };
		FC40605C1E26013C006C6FBF /* CMPhotoProgressHUD.h */ = {isa = PBXFileReference; fileEncoding = 4; lastKnownFileType = sourcecode.c.h; path = CMPhotoProgressHUD.h; sourceTree = "<group>"; };
		FC40605D1E26013C006C6FBF /* CMPhotoProgressHUD.m */ = {isa = PBXFileReference; fileEncoding = 4; lastKnownFileType = sourcecode.c.objc; path = CMPhotoProgressHUD.m; sourceTree = "<group>"; };
		FC40605E1E26013C006C6FBF /* CMPhotoView.h */ = {isa = PBXFileReference; fileEncoding = 4; lastKnownFileType = sourcecode.c.h; path = CMPhotoView.h; sourceTree = "<group>"; };
		FC40605F1E26013C006C6FBF /* CMPhotoView.m */ = {isa = PBXFileReference; fileEncoding = 4; lastKnownFileType = sourcecode.c.objc; path = CMPhotoView.m; sourceTree = "<group>"; };
		FC4060611E26013C006C6FBF /* NSData+ImageContentType.h */ = {isa = PBXFileReference; fileEncoding = 4; lastKnownFileType = sourcecode.c.h; path = "NSData+ImageContentType.h"; sourceTree = "<group>"; };
		FC4060621E26013C006C6FBF /* NSData+ImageContentType.m */ = {isa = PBXFileReference; fileEncoding = 4; lastKnownFileType = sourcecode.c.objc; path = "NSData+ImageContentType.m"; sourceTree = "<group>"; };
		FC4060631E26013C006C6FBF /* SDImageCache.h */ = {isa = PBXFileReference; fileEncoding = 4; lastKnownFileType = sourcecode.c.h; path = SDImageCache.h; sourceTree = "<group>"; };
		FC4060641E26013C006C6FBF /* SDImageCache.m */ = {isa = PBXFileReference; fileEncoding = 4; lastKnownFileType = sourcecode.c.objc; path = SDImageCache.m; sourceTree = "<group>"; };
		FC4060651E26013C006C6FBF /* SDWebImageCompat.h */ = {isa = PBXFileReference; fileEncoding = 4; lastKnownFileType = sourcecode.c.h; path = SDWebImageCompat.h; sourceTree = "<group>"; };
		FC4060661E26013C006C6FBF /* SDWebImageCompat.m */ = {isa = PBXFileReference; fileEncoding = 4; lastKnownFileType = sourcecode.c.objc; path = SDWebImageCompat.m; sourceTree = "<group>"; };
		FC4060671E26013C006C6FBF /* SDWebImageDecoder.h */ = {isa = PBXFileReference; fileEncoding = 4; lastKnownFileType = sourcecode.c.h; path = SDWebImageDecoder.h; sourceTree = "<group>"; };
		FC4060681E26013C006C6FBF /* SDWebImageDecoder.m */ = {isa = PBXFileReference; fileEncoding = 4; lastKnownFileType = sourcecode.c.objc; path = SDWebImageDecoder.m; sourceTree = "<group>"; };
		FC4060691E26013C006C6FBF /* SDWebImageDownloader.h */ = {isa = PBXFileReference; fileEncoding = 4; lastKnownFileType = sourcecode.c.h; path = SDWebImageDownloader.h; sourceTree = "<group>"; };
		FC40606A1E26013C006C6FBF /* SDWebImageDownloader.m */ = {isa = PBXFileReference; fileEncoding = 4; lastKnownFileType = sourcecode.c.objc; path = SDWebImageDownloader.m; sourceTree = "<group>"; };
		FC40606B1E26013C006C6FBF /* SDWebImageDownloaderOperation.h */ = {isa = PBXFileReference; fileEncoding = 4; lastKnownFileType = sourcecode.c.h; path = SDWebImageDownloaderOperation.h; sourceTree = "<group>"; };
		FC40606C1E26013C006C6FBF /* SDWebImageDownloaderOperation.m */ = {isa = PBXFileReference; fileEncoding = 4; lastKnownFileType = sourcecode.c.objc; path = SDWebImageDownloaderOperation.m; sourceTree = "<group>"; };
		FC40606D1E26013C006C6FBF /* SDWebImageManager.h */ = {isa = PBXFileReference; fileEncoding = 4; lastKnownFileType = sourcecode.c.h; path = SDWebImageManager.h; sourceTree = "<group>"; };
		FC40606E1E26013C006C6FBF /* SDWebImageManager.m */ = {isa = PBXFileReference; fileEncoding = 4; lastKnownFileType = sourcecode.c.objc; path = SDWebImageManager.m; sourceTree = "<group>"; };
		FC40606F1E26013C006C6FBF /* SDWebImageOperation.h */ = {isa = PBXFileReference; fileEncoding = 4; lastKnownFileType = sourcecode.c.h; path = SDWebImageOperation.h; sourceTree = "<group>"; };
		FC4060701E26013C006C6FBF /* SDWebImagePrefetcher.h */ = {isa = PBXFileReference; fileEncoding = 4; lastKnownFileType = sourcecode.c.h; path = SDWebImagePrefetcher.h; sourceTree = "<group>"; };
		FC4060711E26013C006C6FBF /* SDWebImagePrefetcher.m */ = {isa = PBXFileReference; fileEncoding = 4; lastKnownFileType = sourcecode.c.objc; path = SDWebImagePrefetcher.m; sourceTree = "<group>"; };
		FC4060721E26013C006C6FBF /* UIButton+WebCache.h */ = {isa = PBXFileReference; fileEncoding = 4; lastKnownFileType = sourcecode.c.h; path = "UIButton+WebCache.h"; sourceTree = "<group>"; };
		FC4060731E26013C006C6FBF /* UIButton+WebCache.m */ = {isa = PBXFileReference; fileEncoding = 4; lastKnownFileType = sourcecode.c.objc; path = "UIButton+WebCache.m"; sourceTree = "<group>"; };
		FC4060741E26013C006C6FBF /* UIImage+GIF.h */ = {isa = PBXFileReference; fileEncoding = 4; lastKnownFileType = sourcecode.c.h; path = "UIImage+GIF.h"; sourceTree = "<group>"; };
		FC4060751E26013C006C6FBF /* UIImage+GIF.m */ = {isa = PBXFileReference; fileEncoding = 4; lastKnownFileType = sourcecode.c.objc; path = "UIImage+GIF.m"; sourceTree = "<group>"; };
		FC4060761E26013C006C6FBF /* UIImage+MultiFormat.h */ = {isa = PBXFileReference; fileEncoding = 4; lastKnownFileType = sourcecode.c.h; path = "UIImage+MultiFormat.h"; sourceTree = "<group>"; };
		FC4060771E26013C006C6FBF /* UIImage+MultiFormat.m */ = {isa = PBXFileReference; fileEncoding = 4; lastKnownFileType = sourcecode.c.objc; path = "UIImage+MultiFormat.m"; sourceTree = "<group>"; };
		FC4060781E26013C006C6FBF /* UIImageView+HighlightedWebCache.h */ = {isa = PBXFileReference; fileEncoding = 4; lastKnownFileType = sourcecode.c.h; path = "UIImageView+HighlightedWebCache.h"; sourceTree = "<group>"; };
		FC4060791E26013C006C6FBF /* UIImageView+HighlightedWebCache.m */ = {isa = PBXFileReference; fileEncoding = 4; lastKnownFileType = sourcecode.c.objc; path = "UIImageView+HighlightedWebCache.m"; sourceTree = "<group>"; };
		FC40607A1E26013C006C6FBF /* UIImageView+WebCache.h */ = {isa = PBXFileReference; fileEncoding = 4; lastKnownFileType = sourcecode.c.h; path = "UIImageView+WebCache.h"; sourceTree = "<group>"; };
		FC40607B1E26013C006C6FBF /* UIImageView+WebCache.m */ = {isa = PBXFileReference; fileEncoding = 4; lastKnownFileType = sourcecode.c.objc; path = "UIImageView+WebCache.m"; sourceTree = "<group>"; };
		FC40607C1E26013C006C6FBF /* UIView+WebCacheOperation.h */ = {isa = PBXFileReference; fileEncoding = 4; lastKnownFileType = sourcecode.c.h; path = "UIView+WebCacheOperation.h"; sourceTree = "<group>"; };
		FC40607D1E26013C006C6FBF /* UIView+WebCacheOperation.m */ = {isa = PBXFileReference; fileEncoding = 4; lastKnownFileType = sourcecode.c.objc; path = "UIView+WebCacheOperation.m"; sourceTree = "<group>"; };
/* End PBXFileReference section */

/* Begin PBXFrameworksBuildPhase section */
		FC4060331E2600B2006C6FBF /* Frameworks */ = {
			isa = PBXFrameworksBuildPhase;
			buildActionMask = 2147483647;
			files = (
			);
			runOnlyForDeploymentPostprocessing = 0;
		};
/* End PBXFrameworksBuildPhase section */

/* Begin PBXGroup section */
		FC40602D1E2600B2006C6FBF = {
			isa = PBXGroup;
			children = (
				FC4060381E2600B2006C6FBF /* BigImgDemo */,
				FC4060371E2600B2006C6FBF /* Products */,
			);
			sourceTree = "<group>";
		};
		FC4060371E2600B2006C6FBF /* Products */ = {
			isa = PBXGroup;
			children = (
				FC4060361E2600B2006C6FBF /* BigImgDemo.app */,
			);
			name = Products;
			sourceTree = "<group>";
		};
		FC4060381E2600B2006C6FBF /* BigImgDemo */ = {
			isa = PBXGroup;
			children = (
				FC4060501E26013C006C6FBF /* CMPhotoBrowser */,
				FC4060601E26013C006C6FBF /* SDWebImage */,
				FC40603C1E2600B2006C6FBF /* AppDelegate.h */,
				FC40603D1E2600B2006C6FBF /* AppDelegate.m */,
				FC40603F1E2600B2006C6FBF /* ViewController.h */,
				FC4060401E2600B2006C6FBF /* ViewController.m */,
				FC4060421E2600B2006C6FBF /* Main.storyboard */,
				FC4060451E2600B2006C6FBF /* Assets.xcassets */,
				FC4060471E2600B2006C6FBF /* LaunchScreen.storyboard */,
				FC40604A1E2600B2006C6FBF /* Info.plist */,
				FC4060391E2600B2006C6FBF /* Supporting Files */,
			);
			path = BigImgDemo;
			sourceTree = "<group>";
		};
		FC4060391E2600B2006C6FBF /* Supporting Files */ = {
			isa = PBXGroup;
			children = (
				FC40603A1E2600B2006C6FBF /* main.m */,
			);
			name = "Supporting Files";
			sourceTree = "<group>";
		};
		FC4060501E26013C006C6FBF /* CMPhotoBrowser */ = {
			isa = PBXGroup;
			children = (
				FC4060511E26013C006C6FBF /* CMActionSheet.h */,
				FC4060521E26013C006C6FBF /* CMActionSheet.m */,
				FC4060531E26013C006C6FBF /* CMLoadingPic.bundle */,
				FC4060541E26013C006C6FBF /* CMLoadingView.h */,
				FC4060551E26013C006C6FBF /* CMLoadingView.m */,
				FC4060561E26013C006C6FBF /* CMPhoto.h */,
				FC4060571E26013C006C6FBF /* CMPhoto.m */,
				FC4060581E26013C006C6FBF /* CMPhotoBrowerCell.h */,
				FC4060591E26013C006C6FBF /* CMPhotoBrowerCell.m */,
				FC40605A1E26013C006C6FBF /* CMPhotoBrowser.h */,
				FC40605B1E26013C006C6FBF /* CMPhotoBrowser.m */,
				FC40605C1E26013C006C6FBF /* CMPhotoProgressHUD.h */,
				FC40605D1E26013C006C6FBF /* CMPhotoProgressHUD.m */,
				FC40605E1E26013C006C6FBF /* CMPhotoView.h */,
				FC40605F1E26013C006C6FBF /* CMPhotoView.m */,
			);
			path = CMPhotoBrowser;
			sourceTree = "<group>";
		};
		FC4060601E26013C006C6FBF /* SDWebImage */ = {
			isa = PBXGroup;
			children = (
				FC4060611E26013C006C6FBF /* NSData+ImageContentType.h */,
				FC4060621E26013C006C6FBF /* NSData+ImageContentType.m */,
				FC4060631E26013C006C6FBF /* SDImageCache.h */,
				FC4060641E26013C006C6FBF /* SDImageCache.m */,
				FC4060651E26013C006C6FBF /* SDWebImageCompat.h */,
				FC4060661E26013C006C6FBF /* SDWebImageCompat.m */,
				FC4060671E26013C006C6FBF /* SDWebImageDecoder.h */,
				FC4060681E26013C006C6FBF /* SDWebImageDecoder.m */,
				FC4060691E26013C006C6FBF /* SDWebImageDownloader.h */,
				FC40606A1E26013C006C6FBF /* SDWebImageDownloader.m */,
				FC40606B1E26013C006C6FBF /* SDWebImageDownloaderOperation.h */,
				FC40606C1E26013C006C6FBF /* SDWebImageDownloaderOperation.m */,
				FC40606D1E26013C006C6FBF /* SDWebImageManager.h */,
				FC40606E1E26013C006C6FBF /* SDWebImageManager.m */,
				FC40606F1E26013C006C6FBF /* SDWebImageOperation.h */,
				FC4060701E26013C006C6FBF /* SDWebImagePrefetcher.h */,
				FC4060711E26013C006C6FBF /* SDWebImagePrefetcher.m */,
				FC4060721E26013C006C6FBF /* UIButton+WebCache.h */,
				FC4060731E26013C006C6FBF /* UIButton+WebCache.m */,
				FC4060741E26013C006C6FBF /* UIImage+GIF.h */,
				FC4060751E26013C006C6FBF /* UIImage+GIF.m */,
				FC4060761E26013C006C6FBF /* UIImage+MultiFormat.h */,
				FC4060771E26013C006C6FBF /* UIImage+MultiFormat.m */,
				FC4060781E26013C006C6FBF /* UIImageView+HighlightedWebCache.h */,
				FC4060791E26013C006C6FBF /* UIImageView+HighlightedWebCache.m */,
				FC40607A1E26013C006C6FBF /* UIImageView+WebCache.h */,
				FC40607B1E26013C006C6FBF /* UIImageView+WebCache.m */,
				FC40607C1E26013C006C6FBF /* UIView+WebCacheOperation.h */,
				FC40607D1E26013C006C6FBF /* UIView+WebCacheOperation.m */,
			);
			path = SDWebImage;
			sourceTree = "<group>";
		};
/* End PBXGroup section */

/* Begin PBXNativeTarget section */
		FC4060351E2600B2006C6FBF /* BigImgDemo */ = {
			isa = PBXNativeTarget;
			buildConfigurationList = FC40604D1E2600B2006C6FBF /* Build configuration list for PBXNativeTarget "BigImgDemo" */;
			buildPhases = (
				FC4060321E2600B2006C6FBF /* Sources */,
				FC4060331E2600B2006C6FBF /* Frameworks */,
				FC4060341E2600B2006C6FBF /* Resources */,
			);
			buildRules = (
			);
			dependencies = (
			);
			name = BigImgDemo;
			productName = BigImgDemo;
			productReference = FC4060361E2600B2006C6FBF /* BigImgDemo.app */;
			productType = "com.apple.product-type.application";
		};
/* End PBXNativeTarget section */

/* Begin PBXProject section */
		FC40602E1E2600B2006C6FBF /* Project object */ = {
			isa = PBXProject;
			attributes = {
				LastUpgradeCheck = 0820;
				ORGANIZATIONNAME = "薛晓林";
				TargetAttributes = {
					FC4060351E2600B2006C6FBF = {
						CreatedOnToolsVersion = 8.2.1;
						ProvisioningStyle = Automatic;
					};
				};
			};
			buildConfigurationList = FC4060311E2600B2006C6FBF /* Build configuration list for PBXProject "BigImgDemo" */;
			compatibilityVersion = "Xcode 3.2";
			developmentRegion = English;
			hasScannedForEncodings = 0;
			knownRegions = (
				en,
				Base,
			);
			mainGroup = FC40602D1E2600B2006C6FBF;
			productRefGroup = FC4060371E2600B2006C6FBF /* Products */;
			projectDirPath = "";
			projectRoot = "";
			targets = (
				FC4060351E2600B2006C6FBF /* BigImgDemo */,
			);
		};
/* End PBXProject section */

/* Begin PBXResourcesBuildPhase section */
		FC4060341E2600B2006C6FBF /* Resources */ = {
			isa = PBXResourcesBuildPhase;
			buildActionMask = 2147483647;
			files = (
				FC4060491E2600B2006C6FBF /* LaunchScreen.storyboard in Resources */,
				FC40607F1E26013C006C6FBF /* CMLoadingPic.bundle in Resources */,
				FC4060461E2600B2006C6FBF /* Assets.xcassets in Resources */,
				FC4060441E2600B2006C6FBF /* Main.storyboard in Resources */,
			);
			runOnlyForDeploymentPostprocessing = 0;
		};
/* End PBXResourcesBuildPhase section */

/* Begin PBXSourcesBuildPhase section */
		FC4060321E2600B2006C6FBF /* Sources */ = {
			isa = PBXSourcesBuildPhase;
			buildActionMask = 2147483647;
			files = (
				FC4060891E26013C006C6FBF /* SDWebImageDecoder.m in Sources */,
				FC4060411E2600B2006C6FBF /* ViewController.m in Sources */,
				FC40608B1E26013C006C6FBF /* SDWebImageDownloaderOperation.m in Sources */,
				FC40608C1E26013C006C6FBF /* SDWebImageManager.m in Sources */,
				FC4060931E26013C006C6FBF /* UIView+WebCacheOperation.m in Sources */,
				FC4060831E26013C006C6FBF /* CMPhotoBrowser.m in Sources */,
				FC40607E1E26013C006C6FBF /* CMActionSheet.m in Sources */,
				FC4060911E26013C006C6FBF /* UIImageView+HighlightedWebCache.m in Sources */,
				FC40608A1E26013C006C6FBF /* SDWebImageDownloader.m in Sources */,
				FC4060811E26013C006C6FBF /* CMPhoto.m in Sources */,
				FC4060881E26013C006C6FBF /* SDWebImageCompat.m in Sources */,
				FC40608D1E26013C006C6FBF /* SDWebImagePrefetcher.m in Sources */,
				FC4060901E26013C006C6FBF /* UIImage+MultiFormat.m in Sources */,
				FC40603E1E2600B2006C6FBF /* AppDelegate.m in Sources */,
				FC4060821E26013C006C6FBF /* CMPhotoBrowerCell.m in Sources */,
				FC40608E1E26013C006C6FBF /* UIButton+WebCache.m in Sources */,
				FC4060801E26013C006C6FBF /* CMLoadingView.m in Sources */,
				FC4060871E26013C006C6FBF /* SDImageCache.m in Sources */,
				FC4060851E26013C006C6FBF /* CMPhotoView.m in Sources */,
				FC40603B1E2600B2006C6FBF /* main.m in Sources */,
				FC4060841E26013C006C6FBF /* CMPhotoProgressHUD.m in Sources */,
				FC40608F1E26013C006C6FBF /* UIImage+GIF.m in Sources */,
				FC4060921E26013C006C6FBF /* UIImageView+WebCache.m in Sources */,
				FC4060861E26013C006C6FBF /* NSData+ImageContentType.m in Sources */,
			);
			runOnlyForDeploymentPostprocessing = 0;
		};
/* End PBXSourcesBuildPhase section */

/* Begin PBXVariantGroup section */
		FC4060421E2600B2006C6FBF /* Main.storyboard */ = {
			isa = PBXVariantGroup;
			children = (
				FC4060431E2600B2006C6FBF /* Base */,
			);
			name = Main.storyboard;
			sourceTree = "<group>";
		};
		FC4060471E2600B2006C6FBF /* LaunchScreen.storyboard */ = {
			isa = PBXVariantGroup;
			children = (
				FC4060481E2600B2006C6FBF /* Base */,
			);
			name = LaunchScreen.storyboard;
			sourceTree = "<group>";
		};
/* End PBXVariantGroup section */

/* Begin XCBuildConfiguration section */
		FC40604B1E2600B2006C6FBF /* Debug */ = {
			isa = XCBuildConfiguration;
			buildSettings = {
				ALWAYS_SEARCH_USER_PATHS = NO;
				CLANG_ANALYZER_NONNULL = YES;
				CLANG_CXX_LANGUAGE_STANDARD = "gnu++0x";
				CLANG_CXX_LIBRARY = "libc++";
				CLANG_ENABLE_MODULES = YES;
				CLANG_ENABLE_OBJC_ARC = YES;
				CLANG_WARN_BOOL_CONVERSION = YES;
				CLANG_WARN_CONSTANT_CONVERSION = YES;
				CLANG_WARN_DIRECT_OBJC_ISA_USAGE = YES_ERROR;
				CLANG_WARN_DOCUMENTATION_COMMENTS = YES;
				CLANG_WARN_EMPTY_BODY = YES;
				CLANG_WARN_ENUM_CONVERSION = YES;
				CLANG_WARN_INFINITE_RECURSION = YES;
				CLANG_WARN_INT_CONVERSION = YES;
				CLANG_WARN_OBJC_ROOT_CLASS = YES_ERROR;
				CLANG_WARN_SUSPICIOUS_MOVE = YES;
				CLANG_WARN_UNREACHABLE_CODE = YES;
				CLANG_WARN__DUPLICATE_METHOD_MATCH = YES;
				"CODE_SIGN_IDENTITY[sdk=iphoneos*]" = "iPhone Developer";
				COPY_PHASE_STRIP = NO;
				DEBUG_INFORMATION_FORMAT = dwarf;
				ENABLE_STRICT_OBJC_MSGSEND = YES;
				ENABLE_TESTABILITY = YES;
				GCC_C_LANGUAGE_STANDARD = gnu99;
				GCC_DYNAMIC_NO_PIC = NO;
				GCC_NO_COMMON_BLOCKS = YES;
				GCC_OPTIMIZATION_LEVEL = 0;
				GCC_PREPROCESSOR_DEFINITIONS = (
					"DEBUG=1",
					"$(inherited)",
				);
				GCC_WARN_64_TO_32_BIT_CONVERSION = YES;
				GCC_WARN_ABOUT_RETURN_TYPE = YES_ERROR;
				GCC_WARN_UNDECLARED_SELECTOR = YES;
				GCC_WARN_UNINITIALIZED_AUTOS = YES_AGGRESSIVE;
				GCC_WARN_UNUSED_FUNCTION = YES;
				GCC_WARN_UNUSED_VARIABLE = YES;
				IPHONEOS_DEPLOYMENT_TARGET = 10.2;
				MTL_ENABLE_DEBUG_INFO = YES;
				ONLY_ACTIVE_ARCH = YES;
				SDKROOT = iphoneos;
				TARGETED_DEVICE_FAMILY = "1,2";
			};
			name = Debug;
		};
		FC40604C1E2600B2006C6FBF /* Release */ = {
			isa = XCBuildConfiguration;
			buildSettings = {
				ALWAYS_SEARCH_USER_PATHS = NO;
				CLANG_ANALYZER_NONNULL = YES;
				CLANG_CXX_LANGUAGE_STANDARD = "gnu++0x";
				CLANG_CXX_LIBRARY = "libc++";
				CLANG_ENABLE_MODULES = YES;
				CLANG_ENABLE_OBJC_ARC = YES;
				CLANG_WARN_BOOL_CONVERSION = YES;
				CLANG_WARN_CONSTANT_CONVERSION = YES;
				CLANG_WARN_DIRECT_OBJC_ISA_USAGE = YES_ERROR;
				CLANG_WARN_DOCUMENTATION_COMMENTS = YES;
				CLANG_WARN_EMPTY_BODY = YES;
				CLANG_WARN_ENUM_CONVERSION = YES;
				CLANG_WARN_INFINITE_RECURSION = YES;
				CLANG_WARN_INT_CONVERSION = YES;
				CLANG_WARN_OBJC_ROOT_CLASS = YES_ERROR;
				CLANG_WARN_SUSPICIOUS_MOVE = YES;
				CLANG_WARN_UNREACHABLE_CODE = YES;
				CLANG_WARN__DUPLICATE_METHOD_MATCH = YES;
				"CODE_SIGN_IDENTITY[sdk=iphoneos*]" = "iPhone Developer";
				COPY_PHASE_STRIP = NO;
				DEBUG_INFORMATION_FORMAT = "dwarf-with-dsym";
				ENABLE_NS_ASSERTIONS = NO;
				ENABLE_STRICT_OBJC_MSGSEND = YES;
				GCC_C_LANGUAGE_STANDARD = gnu99;
				GCC_NO_COMMON_BLOCKS = YES;
				GCC_WARN_64_TO_32_BIT_CONVERSION = YES;
				GCC_WARN_ABOUT_RETURN_TYPE = YES_ERROR;
				GCC_WARN_UNDECLARED_SELECTOR = YES;
				GCC_WARN_UNINITIALIZED_AUTOS = YES_AGGRESSIVE;
				GCC_WARN_UNUSED_FUNCTION = YES;
				GCC_WARN_UNUSED_VARIABLE = YES;
				IPHONEOS_DEPLOYMENT_TARGET = 10.2;
				MTL_ENABLE_DEBUG_INFO = NO;
				SDKROOT = iphoneos;
				TARGETED_DEVICE_FAMILY = "1,2";
				VALIDATE_PRODUCT = YES;
			};
			name = Release;
		};
		FC40604E1E2600B2006C6FBF /* Debug */ = {
			isa = XCBuildConfiguration;
			buildSettings = {
				ASSETCATALOG_COMPILER_APPICON_NAME = AppIcon;
				INFOPLIST_FILE = BigImgDemo/Info.plist;
				LD_RUNPATH_SEARCH_PATHS = "$(inherited) @executable_path/Frameworks";
				PRODUCT_BUNDLE_IDENTIFIER = yundongkeji.BigImgDemo;
				PRODUCT_NAME = "$(TARGET_NAME)";
			};
			name = Debug;
		};
		FC40604F1E2600B2006C6FBF /* Release */ = {
			isa = XCBuildConfiguration;
			buildSettings = {
				ASSETCATALOG_COMPILER_APPICON_NAME = AppIcon;
				INFOPLIST_FILE = BigImgDemo/Info.plist;
				LD_RUNPATH_SEARCH_PATHS = "$(inherited) @executable_path/Frameworks";
				PRODUCT_BUNDLE_IDENTIFIER = yundongkeji.BigImgDemo;
				PRODUCT_NAME = "$(TARGET_NAME)";
			};
			name = Release;
		};
/* End XCBuildConfiguration section */

/* Begin XCConfigurationList section */
		FC4060311E2600B2006C6FBF /* Build configuration list for PBXProject "BigImgDemo" */ = {
			isa = XCConfigurationList;
			buildConfigurations = (
				FC40604B1E2600B2006C6FBF /* Debug */,
				FC40604C1E2600B2006C6FBF /* Release */,
			);
			defaultConfigurationIsVisible = 0;
			defaultConfigurationName = Release;
		};
		FC40604D1E2600B2006C6FBF /* Build configuration list for PBXNativeTarget "BigImgDemo" */ = {
			isa = XCConfigurationList;
			buildConfigurations = (
				FC40604E1E2600B2006C6FBF /* Debug */,
				FC40604F1E2600B2006C6FBF /* Release */,
			);
			defaultConfigurationIsVisible = 0;
		};
/* End XCConfigurationList section */
	};
	rootObject = FC40602E1E2600B2006C6FBF /* Project object */;
}
